// !$*UTF8*$!
{
	archiveVersion = 1;
	classes = {
	};
	objectVersion = 50;
	objects = {

/* Begin PBXBuildFile section */
		24B22CBBFA6F658AE83FB007 /* Pods_NewNodeDemo.framework in Frameworks */ = {isa = PBXBuildFile; fileRef = 08D55F988931FC9411A65575 /* Pods_NewNodeDemo.framework */; };
		59D8AF92244D760300EE00FF /* AppDelegate.swift in Sources */ = {isa = PBXBuildFile; fileRef = 59D8AF91244D760300EE00FF /* AppDelegate.swift */; };
		59D8AF94244D760300EE00FF /* SceneDelegate.swift in Sources */ = {isa = PBXBuildFile; fileRef = 59D8AF93244D760300EE00FF /* SceneDelegate.swift */; };
		59D8AF96244D760300EE00FF /* ViewController.swift in Sources */ = {isa = PBXBuildFile; fileRef = 59D8AF95244D760300EE00FF /* ViewController.swift */; };
		59D8AF99244D760300EE00FF /* Main.storyboard in Resources */ = {isa = PBXBuildFile; fileRef = 59D8AF97244D760300EE00FF /* Main.storyboard */; };
		59D8AF9B244D760800EE00FF /* Assets.xcassets in Resources */ = {isa = PBXBuildFile; fileRef = 59D8AF9A244D760800EE00FF /* Assets.xcassets */; };
		59D8AF9E244D760800EE00FF /* LaunchScreen.storyboard in Resources */ = {isa = PBXBuildFile; fileRef = 59D8AF9C244D760800EE00FF /* LaunchScreen.storyboard */; };
/* End PBXBuildFile section */

/* Begin PBXFileReference section */
		08D55F988931FC9411A65575 /* Pods_NewNodeDemo.framework */ = {isa = PBXFileReference; explicitFileType = wrapper.framework; includeInIndex = 0; path = Pods_NewNodeDemo.framework; sourceTree = BUILT_PRODUCTS_DIR; };
		59D8AF8E244D760300EE00FF /* NewNodeDemo.app */ = {isa = PBXFileReference; explicitFileType = wrapper.application; includeInIndex = 0; path = NewNodeDemo.app; sourceTree = BUILT_PRODUCTS_DIR; };
		59D8AF91244D760300EE00FF /* AppDelegate.swift */ = {isa = PBXFileReference; lastKnownFileType = sourcecode.swift; path = AppDelegate.swift; sourceTree = "<group>"; };
		59D8AF93244D760300EE00FF /* SceneDelegate.swift */ = {isa = PBXFileReference; lastKnownFileType = sourcecode.swift; path = SceneDelegate.swift; sourceTree = "<group>"; };
		59D8AF95244D760300EE00FF /* ViewController.swift */ = {isa = PBXFileReference; lastKnownFileType = sourcecode.swift; path = ViewController.swift; sourceTree = "<group>"; };
		59D8AF98244D760300EE00FF /* Base */ = {isa = PBXFileReference; lastKnownFileType = file.storyboard; name = Base; path = Base.lproj/Main.storyboard; sourceTree = "<group>"; };
		59D8AF9A244D760800EE00FF /* Assets.xcassets */ = {isa = PBXFileReference; lastKnownFileType = folder.assetcatalog; path = Assets.xcassets; sourceTree = "<group>"; };
		59D8AF9D244D760800EE00FF /* Base */ = {isa = PBXFileReference; lastKnownFileType = file.storyboard; name = Base; path = Base.lproj/LaunchScreen.storyboard; sourceTree = "<group>"; };
		59D8AF9F244D760800EE00FF /* Info.plist */ = {isa = PBXFileReference; lastKnownFileType = text.plist.xml; path = Info.plist; sourceTree = "<group>"; };
		C4D1C7B9566C4D2B24E2A073 /* Pods-NewNodeDemo.release.xcconfig */ = {isa = PBXFileReference; includeInIndex = 1; lastKnownFileType = text.xcconfig; name = "Pods-NewNodeDemo.release.xcconfig"; path = "Target Support Files/Pods-NewNodeDemo/Pods-NewNodeDemo.release.xcconfig"; sourceTree = "<group>"; };
		C63D9FBFA7F104FBD99893C5 /* Pods-NewNodeDemo.debug.xcconfig */ = {isa = PBXFileReference; includeInIndex = 1; lastKnownFileType = text.xcconfig; name = "Pods-NewNodeDemo.debug.xcconfig"; path = "Target Support Files/Pods-NewNodeDemo/Pods-NewNodeDemo.debug.xcconfig"; sourceTree = "<group>"; };
/* End PBXFileReference section */

/* Begin PBXFrameworksBuildPhase section */
		59D8AF8B244D760300EE00FF /* Frameworks */ = {
			isa = PBXFrameworksBuildPhase;
			buildActionMask = 2147483647;
			files = (
				24B22CBBFA6F658AE83FB007 /* Pods_NewNodeDemo.framework in Frameworks */,
			);
			runOnlyForDeploymentPostprocessing = 0;
		};
/* End PBXFrameworksBuildPhase section */

/* Begin PBXGroup section */
		59D8AF85244D760300EE00FF = {
			isa = PBXGroup;
			children = (
				59D8AF90244D760300EE00FF /* NewNodeDemo */,
				59D8AF8F244D760300EE00FF /* Products */,
				E8B9DAE588965B8AC67D5782 /* Pods */,
				F0BD22324A84C07799969A3D /* Frameworks */,
			);
			sourceTree = "<group>";
		};
		59D8AF8F244D760300EE00FF /* Products */ = {
			isa = PBXGroup;
			children = (
				59D8AF8E244D760300EE00FF /* NewNodeDemo.app */,
			);
			name = Products;
			sourceTree = "<group>";
		};
		59D8AF90244D760300EE00FF /* NewNodeDemo */ = {
			isa = PBXGroup;
			children = (
				59D8AF91244D760300EE00FF /* AppDelegate.swift */,
				59D8AF93244D760300EE00FF /* SceneDelegate.swift */,
				59D8AF95244D760300EE00FF /* ViewController.swift */,
				59D8AF97244D760300EE00FF /* Main.storyboard */,
				59D8AF9A244D760800EE00FF /* Assets.xcassets */,
				59D8AF9C244D760800EE00FF /* LaunchScreen.storyboard */,
				59D8AF9F244D760800EE00FF /* Info.plist */,
			);
			path = NewNodeDemo;
			sourceTree = "<group>";
		};
		E8B9DAE588965B8AC67D5782 /* Pods */ = {
			isa = PBXGroup;
			children = (
				C63D9FBFA7F104FBD99893C5 /* Pods-NewNodeDemo.debug.xcconfig */,
				C4D1C7B9566C4D2B24E2A073 /* Pods-NewNodeDemo.release.xcconfig */,
			);
			name = Pods;
			path = Pods;
			sourceTree = "<group>";
		};
		F0BD22324A84C07799969A3D /* Frameworks */ = {
			isa = PBXGroup;
			children = (
				08D55F988931FC9411A65575 /* Pods_NewNodeDemo.framework */,
			);
			name = Frameworks;
			sourceTree = "<group>";
		};
/* End PBXGroup section */

/* Begin PBXNativeTarget section */
		59D8AF8D244D760300EE00FF /* NewNodeDemo */ = {
			isa = PBXNativeTarget;
			buildConfigurationList = 59D8AFA2244D760800EE00FF /* Build configuration list for PBXNativeTarget "NewNodeDemo" */;
			buildPhases = (
				A7327BBED2F329B8FF369E62 /* [CP] Check Pods Manifest.lock */,
				59D8AF8A244D760300EE00FF /* Sources */,
				59D8AF8B244D760300EE00FF /* Frameworks */,
				59D8AF8C244D760300EE00FF /* Resources */,
				D03BDAE1AC1B13F13D419B3F /* [CP] Embed Pods Frameworks */,
			);
			buildRules = (
			);
			dependencies = (
			);
			name = NewNodeDemo;
			productName = NewNodeDemo;
			productReference = 59D8AF8E244D760300EE00FF /* NewNodeDemo.app */;
			productType = "com.apple.product-type.application";
		};
/* End PBXNativeTarget section */

/* Begin PBXProject section */
		59D8AF86244D760300EE00FF /* Project object */ = {
			isa = PBXProject;
			attributes = {
				LastSwiftUpdateCheck = 1130;
				LastUpgradeCheck = 1130;
				ORGANIZATIONNAME = "Nithin Nizam";
				TargetAttributes = {
					59D8AF8D244D760300EE00FF = {
						CreatedOnToolsVersion = 11.3.1;
					};
				};
			};
			buildConfigurationList = 59D8AF89244D760300EE00FF /* Build configuration list for PBXProject "NewNodeDemo" */;
			compatibilityVersion = "Xcode 9.3";
			developmentRegion = en;
			hasScannedForEncodings = 0;
			knownRegions = (
				en,
				Base,
			);
			mainGroup = 59D8AF85244D760300EE00FF;
			productRefGroup = 59D8AF8F244D760300EE00FF /* Products */;
			projectDirPath = "";
			projectRoot = "";
			targets = (
				59D8AF8D244D760300EE00FF /* NewNodeDemo */,
			);
		};
/* End PBXProject section */

/* Begin PBXResourcesBuildPhase section */
		59D8AF8C244D760300EE00FF /* Resources */ = {
			isa = PBXResourcesBuildPhase;
			buildActionMask = 2147483647;
			files = (
				59D8AF9E244D760800EE00FF /* LaunchScreen.storyboard in Resources */,
				59D8AF9B244D760800EE00FF /* Assets.xcassets in Resources */,
				59D8AF99244D760300EE00FF /* Main.storyboard in Resources */,
			);
			runOnlyForDeploymentPostprocessing = 0;
		};
/* End PBXResourcesBuildPhase section */

/* Begin PBXShellScriptBuildPhase section */
		A7327BBED2F329B8FF369E62 /* [CP] Check Pods Manifest.lock */ = {
			isa = PBXShellScriptBuildPhase;
			buildActionMask = 2147483647;
			files = (
			);
			inputFileListPaths = (
			);
			inputPaths = (
				"${PODS_PODFILE_DIR_PATH}/Podfile.lock",
				"${PODS_ROOT}/Manifest.lock",
			);
			name = "[CP] Check Pods Manifest.lock";
			outputFileListPaths = (
			);
			outputPaths = (
				"$(DERIVED_FILE_DIR)/Pods-NewNodeDemo-checkManifestLockResult.txt",
			);
			runOnlyForDeploymentPostprocessing = 0;
			shellPath = /bin/sh;
			shellScript = "diff \"${PODS_PODFILE_DIR_PATH}/Podfile.lock\" \"${PODS_ROOT}/Manifest.lock\" > /dev/null\nif [ $? != 0 ] ; then\n    # print error to STDERR\n    echo \"error: The sandbox is not in sync with the Podfile.lock. Run 'pod install' or update your CocoaPods installation.\" >&2\n    exit 1\nfi\n# This output is used by Xcode 'outputs' to avoid re-running this script phase.\necho \"SUCCESS\" > \"${SCRIPT_OUTPUT_FILE_0}\"\n";
			showEnvVarsInLog = 0;
		};
		D03BDAE1AC1B13F13D419B3F /* [CP] Embed Pods Frameworks */ = {
			isa = PBXShellScriptBuildPhase;
			buildActionMask = 2147483647;
			files = (
			);
			inputFileListPaths = (
				"${PODS_ROOT}/Target Support Files/Pods-NewNodeDemo/Pods-NewNodeDemo-frameworks-${CONFIGURATION}-input-files.xcfilelist",
			);
			name = "[CP] Embed Pods Frameworks";
			outputFileListPaths = (
				"${PODS_ROOT}/Target Support Files/Pods-NewNodeDemo/Pods-NewNodeDemo-frameworks-${CONFIGURATION}-output-files.xcfilelist",
			);
			runOnlyForDeploymentPostprocessing = 0;
			shellPath = /bin/sh;
			shellScript = "\"${PODS_ROOT}/Target Support Files/Pods-NewNodeDemo/Pods-NewNodeDemo-frameworks.sh\"\n";
			showEnvVarsInLog = 0;
		};
/* End PBXShellScriptBuildPhase section */

/* Begin PBXSourcesBuildPhase section */
		59D8AF8A244D760300EE00FF /* Sources */ = {
			isa = PBXSourcesBuildPhase;
			buildActionMask = 2147483647;
			files = (
				59D8AF96244D760300EE00FF /* ViewController.swift in Sources */,
				59D8AF92244D760300EE00FF /* AppDelegate.swift in Sources */,
				59D8AF94244D760300EE00FF /* SceneDelegate.swift in Sources */,
			);
			runOnlyForDeploymentPostprocessing = 0;
		};
/* End PBXSourcesBuildPhase section */

/* Begin PBXVariantGroup section */
		59D8AF97244D760300EE00FF /* Main.storyboard */ = {
			isa = PBXVariantGroup;
			children = (
				59D8AF98244D760300EE00FF /* Base */,
			);
			name = Main.storyboard;
			sourceTree = "<group>";
		};
		59D8AF9C244D760800EE00FF /* LaunchScreen.storyboard */ = {
			isa = PBXVariantGroup;
			children = (
				59D8AF9D244D760800EE00FF /* Base */,
			);
			name = LaunchScreen.storyboard;
			sourceTree = "<group>";
		};
/* End PBXVariantGroup section */

/* Begin XCBuildConfiguration section */
		59D8AFA0244D760800EE00FF /* Debug */ = {
			isa = XCBuildConfiguration;
			buildSettings = {
				ALWAYS_SEARCH_USER_PATHS = NO;
				CLANG_ANALYZER_NONNULL = YES;
				CLANG_ANALYZER_NUMBER_OBJECT_CONVERSION = YES_AGGRESSIVE;
				CLANG_CXX_LANGUAGE_STANDARD = "gnu++14";
				CLANG_CXX_LIBRARY = "libc++";
				CLANG_ENABLE_MODULES = YES;
				CLANG_ENABLE_OBJC_ARC = YES;
				CLANG_ENABLE_OBJC_WEAK = YES;
				CLANG_WARN_BLOCK_CAPTURE_AUTORELEASING = YES;
				CLANG_WARN_BOOL_CONVERSION = YES;
				CLANG_WARN_COMMA = YES;
				CLANG_WARN_CONSTANT_CONVERSION = YES;
				CLANG_WARN_DEPRECATED_OBJC_IMPLEMENTATIONS = YES;
				CLANG_WARN_DIRECT_OBJC_ISA_USAGE = YES_ERROR;
				CLANG_WARN_DOCUMENTATION_COMMENTS = YES;
				CLANG_WARN_EMPTY_BODY = YES;
				CLANG_WARN_ENUM_CONVERSION = YES;
				CLANG_WARN_INFINITE_RECURSION = YES;
				CLANG_WARN_INT_CONVERSION = YES;
				CLANG_WARN_NON_LITERAL_NULL_CONVERSION = YES;
				CLANG_WARN_OBJC_IMPLICIT_RETAIN_SELF = YES;
				CLANG_WARN_OBJC_LITERAL_CONVERSION = YES;
				CLANG_WARN_OBJC_ROOT_CLASS = YES_ERROR;
				CLANG_WARN_RANGE_LOOP_ANALYSIS = YES;
				CLANG_WARN_STRICT_PROTOTYPES = YES;
				CLANG_WARN_SUSPICIOUS_MOVE = YES;
				CLANG_WARN_UNGUARDED_AVAILABILITY = YES_AGGRESSIVE;
				CLANG_WARN_UNREACHABLE_CODE = YES;
				CLANG_WARN__DUPLICATE_METHOD_MATCH = YES;
				COPY_PHASE_STRIP = NO;
				DEBUG_INFORMATION_FORMAT = dwarf;
				ENABLE_STRICT_OBJC_MSGSEND = YES;
				ENABLE_TESTABILITY = YES;
				GCC_C_LANGUAGE_STANDARD = gnu11;
				GCC_DYNAMIC_NO_PIC = NO;
				GCC_NO_COMMON_BLOCKS = YES;
				GCC_OPTIMIZATION_LEVEL = 0;
				GCC_PREPROCESSOR_DEFINITIONS = (
					"DEBUG=1",
					"$(inherited)",
				);
				GCC_WARN_64_TO_32_BIT_CONVERSION = YES;
				GCC_WARN_ABOUT_RETURN_TYPE = YES_ERROR;
				GCC_WARN_UNDECLARED_SELECTOR = YES;
				GCC_WARN_UNINITIALIZED_AUTOS = YES_AGGRESSIVE;
				GCC_WARN_UNUSED_FUNCTION = YES;
				GCC_WARN_UNUSED_VARIABLE = YES;
				IPHONEOS_DEPLOYMENT_TARGET = 13.2;
				MTL_ENABLE_DEBUG_INFO = INCLUDE_SOURCE;
				MTL_FAST_MATH = YES;
				ONLY_ACTIVE_ARCH = YES;
				SDKROOT = iphoneos;
				SWIFT_ACTIVE_COMPILATION_CONDITIONS = DEBUG;
				SWIFT_OPTIMIZATION_LEVEL = "-Onone";
			};
			name = Debug;
		};
		59D8AFA1244D760800EE00FF /* Release */ = {
			isa = XCBuildConfiguration;
			buildSettings = {
				ALWAYS_SEARCH_USER_PATHS = NO;
				CLANG_ANALYZER_NONNULL = YES;
				CLANG_ANALYZER_NUMBER_OBJECT_CONVERSION = YES_AGGRESSIVE;
				CLANG_CXX_LANGUAGE_STANDARD = "gnu++14";
				CLANG_CXX_LIBRARY = "libc++";
				CLANG_ENABLE_MODULES = YES;
				CLANG_ENABLE_OBJC_ARC = YES;
				CLANG_ENABLE_OBJC_WEAK = YES;
				CLANG_WARN_BLOCK_CAPTURE_AUTORELEASING = YES;
				CLANG_WARN_BOOL_CONVERSION = YES;
				CLANG_WARN_COMMA = YES;
				CLANG_WARN_CONSTANT_CONVERSION = YES;
				CLANG_WARN_DEPRECATED_OBJC_IMPLEMENTATIONS = YES;
				CLANG_WARN_DIRECT_OBJC_ISA_USAGE = YES_ERROR;
				CLANG_WARN_DOCUMENTATION_COMMENTS = YES;
				CLANG_WARN_EMPTY_BODY = YES;
				CLANG_WARN_ENUM_CONVERSION = YES;
				CLANG_WARN_INFINITE_RECURSION = YES;
				CLANG_WARN_INT_CONVERSION = YES;
				CLANG_WARN_NON_LITERAL_NULL_CONVERSION = YES;
				CLANG_WARN_OBJC_IMPLICIT_RETAIN_SELF = YES;
				CLANG_WARN_OBJC_LITERAL_CONVERSION = YES;
				CLANG_WARN_OBJC_ROOT_CLASS = YES_ERROR;
				CLANG_WARN_RANGE_LOOP_ANALYSIS = YES;
				CLANG_WARN_STRICT_PROTOTYPES = YES;
				CLANG_WARN_SUSPICIOUS_MOVE = YES;
				CLANG_WARN_UNGUARDED_AVAILABILITY = YES_AGGRESSIVE;
				CLANG_WARN_UNREACHABLE_CODE = YES;
				CLANG_WARN__DUPLICATE_METHOD_MATCH = YES;
				COPY_PHASE_STRIP = NO;
				DEBUG_INFORMATION_FORMAT = "dwarf-with-dsym";
				ENABLE_NS_ASSERTIONS = NO;
				ENABLE_STRICT_OBJC_MSGSEND = YES;
				GCC_C_LANGUAGE_STANDARD = gnu11;
				GCC_NO_COMMON_BLOCKS = YES;
				GCC_WARN_64_TO_32_BIT_CONVERSION = YES;
				GCC_WARN_ABOUT_RETURN_TYPE = YES_ERROR;
				GCC_WARN_UNDECLARED_SELECTOR = YES;
				GCC_WARN_UNINITIALIZED_AUTOS = YES_AGGRESSIVE;
				GCC_WARN_UNUSED_FUNCTION = YES;
				GCC_WARN_UNUSED_VARIABLE = YES;
				IPHONEOS_DEPLOYMENT_TARGET = 13.2;
				MTL_ENABLE_DEBUG_INFO = NO;
				MTL_FAST_MATH = YES;
				SDKROOT = iphoneos;
				SWIFT_COMPILATION_MODE = wholemodule;
				SWIFT_OPTIMIZATION_LEVEL = "-O";
				VALIDATE_PRODUCT = YES;
			};
			name = Release;
		};
		59D8AFA3244D760800EE00FF /* Debug */ = {
			isa = XCBuildConfiguration;
			baseConfigurationReference = C63D9FBFA7F104FBD99893C5 /* Pods-NewNodeDemo.debug.xcconfig */;
			buildSettings = {
				ASSETCATALOG_COMPILER_APPICON_NAME = AppIcon;
				CODE_SIGN_STYLE = Automatic;
				INFOPLIST_FILE = NewNodeDemo/Info.plist;
				LD_RUNPATH_SEARCH_PATHS = (
					"$(inherited)",
					"@executable_path/Frameworks",
				);
				PRODUCT_BUNDLE_IDENTIFIER = com.mobomo.NewNodeDemo;
				PRODUCT_NAME = "$(TARGET_NAME)";
				SWIFT_VERSION = 5.0;
				TARGETED_DEVICE_FAMILY = "1,2";
			};
			name = Debug;
		};
		59D8AFA4244D760800EE00FF /* Release */ = {
			isa = XCBuildConfiguration;
			baseConfigurationReference = C4D1C7B9566C4D2B24E2A073 /* Pods-NewNodeDemo.release.xcconfig */;
			buildSettings = {
				ASSETCATALOG_COMPILER_APPICON_NAME = AppIcon;
				CODE_SIGN_STYLE = Automatic;
				INFOPLIST_FILE = NewNodeDemo/Info.plist;
				LD_RUNPATH_SEARCH_PATHS = (
					"$(inherited)",
					"@executable_path/Frameworks",
				);
				PRODUCT_BUNDLE_IDENTIFIER = com.mobomo.NewNodeDemo;
				PRODUCT_NAME = "$(TARGET_NAME)";
				SWIFT_VERSION = 5.0;
				TARGETED_DEVICE_FAMILY = "1,2";
			};
			name = Release;
		};
/* End XCBuildConfiguration section */

/* Begin XCConfigurationList section */
		59D8AF89244D760300EE00FF /* Build configuration list for PBXProject "NewNodeDemo" */ = {
			isa = XCConfigurationList;
			buildConfigurations = (
				59D8AFA0244D760800EE00FF /* Debug */,
				59D8AFA1244D760800EE00FF /* Release */,
			);
			defaultConfigurationIsVisible = 0;
			defaultConfigurationName = Release;
		};
		59D8AFA2244D760800EE00FF /* Build configuration list for PBXNativeTarget "NewNodeDemo" */ = {
			isa = XCConfigurationList;
			buildConfigurations = (
				59D8AFA3244D760800EE00FF /* Debug */,
				59D8AFA4244D760800EE00FF /* Release */,
			);
			defaultConfigurationIsVisible = 0;
			defaultConfigurationName = Release;
		};
/* End XCConfigurationList section */
	};
	rootObject = 59D8AF86244D760300EE00FF /* Project object */;
}
